<?xml version="1.0" encoding="utf-8"?>
<Project ToolsVersion="4.0" xmlns="http://schemas.microsoft.com/developer/msbuild/2003">
  <ItemGroup>
    <Filter Include="源文件">
      <UniqueIdentifier>{4FC737F1-C7A5-4376-A066-2A32D752A2FF}</UniqueIdentifier>
      <Extensions>cpp;c;cc;cxx;def;odl;idl;hpj;bat;asm;asmx</Extensions>
    </Filter>
    <Filter Include="头文件">
      <UniqueIdentifier>{93995380-89BD-4b04-88EB-625FBE52EBFB}</UniqueIdentifier>
      <Extensions>h;hh;hpp;hxx;hm;inl;inc;ipp;xsd</Extensions>
    </Filter>
    <Filter Include="资源文件">
      <UniqueIdentifier>{67DA6AB6-F800-4c08-8B7A-83BB121AAD01}</UniqueIdentifier>
      <Extensions>rc;ico;cur;bmp;dlg;rc2;rct;bin;rgs;gif;jpg;jpeg;jpe;resx;tiff;tif;png;wav;mfcribbon-ms</Extensions>
    </Filter>
  </ItemGroup>
  <ItemGroup>
    <ClCompile Include="ConsoleApplication1.cpp">
      <Filter>源文件</Filter>
    </ClCompile>
    <ClCompile Include="mysort.cpp">
      <Filter>源文件</Filter>
    </ClCompile>
    <ClCompile Include="CRectangle.cpp">
      <Filter>源文件</Filter>
    </ClCompile>
    <ClCompile Include="constructor_test.cpp">
      <Filter>源文件</Filter>
    </ClCompile>
    <ClCompile Include="mystudy2.cpp">
      <Filter>源文件</Filter>
    </ClCompile>
    <ClCompile Include="Enclosing.cpp">
      <Filter>源文件</Filter>
    </ClCompile>
    <ClCompile Include="friend.cpp">
      <Filter>源文件</Filter>
    </ClCompile>
    <ClCompile Include="Student_Management.cpp">
      <Filter>源文件</Filter>
    </ClCompile>
    <ClCompile Include="derived_class.cpp">
      <Filter>源文件</Filter>
    </ClCompile>
    <ClCompile Include="operator_equal.cpp">
      <Filter>源文件</Filter>
    </ClCompile>
    <ClCompile Include="Polym_Shape.cpp">
      <Filter>源文件</Filter>
    </ClCompile>
    <ClCompile Include="operator_array.cpp">
      <Filter>源文件</Filter>
    </ClCompile>
    <ClCompile Include="operator_sample.cpp">
      <Filter>源文件</Filter>
    </ClCompile>
    <ClCompile Include="operator_stream.cpp">
      <Filter>源文件</Filter>
    </ClCompile>
    <ClCompile Include="operator_self.cpp">
      <Filter>源文件</Filter>
    </ClCompile>
    <ClCompile Include="File_write.cpp">
      <Filter>源文件</Filter>
    </ClCompile>
    <ClCompile Include="File_read.cpp">
      <Filter>源文件</Filter>
    </ClCompile>
    <ClCompile Include="File_rw.cpp">
      <Filter>源文件</Filter>
    </ClCompile>
    <ClCompile Include="File_mycopy.cpp">
      <Filter>源文件</Filter>
    </ClCompile>
    <ClCompile Include="MaxElement.cpp">
      <Filter>源文件</Filter>
    </ClCompile>
    <ClCompile Include="class_model.cpp">
      <Filter>源文件</Filter>
    </ClCompile>
  </ItemGroup>
  <ItemGroup>
    <ClInclude Include="CRectangle.h">
      <Filter>头文件</Filter>
    </ClInclude>
    <ClInclude Include="myclass.h">
      <Filter>头文件</Filter>
    </ClInclude>
    <ClInclude Include="myclass2.h">
      <Filter>头文件</Filter>
    </ClInclude>
    <ClInclude Include="CStudents.h">
      <Filter>头文件</Filter>
    </ClInclude>
  </ItemGroup>
</Project>